
Microsoft Visual Studio Solution File, Format Version 12.00
# Visual Studio 15
VisualStudioVersion = 15.0.28010.2046
MinimumVisualStudioVersion = 10.0.40219.1
Project("{FAE04EC0-301F-11D3-BF4B-00C04F79EFBC}") = "MyProject", "MyProject\MyProject.csproj", "{3B58881D-94D6-4726-B67D-F4B5ADACDD81}"
EndProject
Project("{FAE04EC0-301F-11D3-BF4B-00C04F79EFBC}") = "LiveStory", "LiveStory\LiveStory.csproj", "{BF1E5E71-9DB0-4A58-92F6-F6AF65FCA35E}"
EndProject
Global
	GlobalSection(SolutionConfigurationPlatforms) = preSolution
		Debug|Any CPU = Debug|Any CPU
		Release|Any CPU = Release|Any CPU
	EndGlobalSection
	GlobalSection(ProjectConfigurationPlatforms) = postSolution
		{3B58881D-94D6-4726-B67D-F4B5ADACDD81}.Debug|Any CPU.ActiveCfg = Debug|Any CPU
		{3B58881D-94D6-4726-B67D-F4B5ADACDD81}.Debug|Any CPU.Build.0 = Debug|Any CPU
		{3B58881D-94D6-4726-B67D-F4B5ADACDD81}.Release|Any CPU.ActiveCfg = Release|Any CPU
		{3B58881D-94D6-4726-B67D-F4B5ADACDD81}.Release|Any CPU.Build.0 = Release|Any CPU
		{BF1E5E71-9DB0-4A58-92F6-F6AF65FCA35E}.Debug|Any CPU.ActiveCfg = Debug|Any CPU
		{BF1E5E71-9DB0-4A58-92F6-F6AF65FCA35E}.Debug|Any CPU.Build.0 = Debug|Any CPU
		{BF1E5E71-9DB0-4A58-92F6-F6AF65FCA35E}.Release|Any CPU.ActiveCfg = Release|Any CPU
		{BF1E5E71-9DB0-4A58-92F6-F6AF65FCA35E}.Release|Any CPU.Build.0 = Release|Any CPU
	EndGlobalSection
	GlobalSection(SolutionProperties) = preSolution
		HideSolutionNode = FALSE
	EndGlobalSection
	GlobalSection(ExtensibilityGlobals) = postSolution
		SolutionGuid = {18245CCB-4C6F-426A-AD70-C24AE0EF402D}
	EndGlobalSection
EndGlobal
